
Microsoft Visual Studio Solution File, Format Version 12.00
# Visual Studio Version 16
VisualStudioVersion = 16.0.31729.503
MinimumVisualStudioVersion = 10.0.40219.1
Project("{FAE04EC0-301F-11D3-BF4B-00C04F79EFBC}") = "getMail", "getMail\getMail.csproj", "{50A05A05-96C5-4B14-ACFA-5AA424382D36}"
EndProject
Global
	GlobalSection(SolutionConfigurationPlatforms) = preSolution
		Debug|Any CPU = Debug|Any CPU
		Release|Any CPU = Release|Any CPU
	EndGlobalSection
	GlobalSection(ProjectConfigurationPlatforms) = postSolution
		{50A05A05-96C5-4B14-ACFA-5AA424382D36}.Debug|Any CPU.ActiveCfg = Debug|Any CPU
		{50A05A05-96C5-4B14-ACFA-5AA424382D36}.Debug|Any CPU.Build.0 = Debug|Any CPU
		{50A05A05-96C5-4B14-ACFA-5AA424382D36}.Release|Any CPU.ActiveCfg = Release|Any CPU
		{50A05A05-96C5-4B14-ACFA-5AA424382D36}.Release|Any CPU.Build.0 = Release|Any CPU
	EndGlobalSection
	GlobalSection(SolutionProperties) = preSolution
		HideSolutionNode = FALSE
	EndGlobalSection
	GlobalSection(ExtensibilityGlobals) = postSolution
		SolutionGuid = {9D7D4F3C-5B8D-4A2F-BE52-298116FE10A5}
	EndGlobalSection
EndGlobal
